
Microsoft Visual Studio Solution File, Format Version 12.00
# Visual Studio Version 16
VisualStudioVersion = 16.0.31129.286
MinimumVisualStudioVersion = 10.0.40219.1
Project("{8BC9CEB8-8B4A-11D0-8D11-00A0C91BC942}") = "Sandbox", "Sandbox\Sandbox.vcxproj", "{E4BC8ACB-2F02-4618-AAC2-56BEA5B31671}"
	ProjectSection(ProjectDependencies) = postProject
		{9A44CFC8-C137-4E55-91ED-A7668A57563C} = {9A44CFC8-C137-4E55-91ED-A7668A57563C}
	EndProjectSection
EndProject
Project("{8BC9CEB8-8B4A-11D0-8D11-00A0C91BC942}") = "MadSword", "MadSword\MadSword.vcxproj", "{9A44CFC8-C137-4E55-91ED-A7668A57563C}"
EndProject
Global
	GlobalSection(SolutionConfigurationPlatforms) = preSolution
		Debug|x64 = Debug|x64
		Release|x64 = Release|x64
	EndGlobalSection
	GlobalSection(ProjectConfigurationPlatforms) = postSolution
		{E4BC8ACB-2F02-4618-AAC2-56BEA5B31671}.Debug|x64.ActiveCfg = Debug|x64
		{E4BC8ACB-2F02-4618-AAC2-56BEA5B31671}.Debug|x64.Build.0 = Debug|x64
		{E4BC8ACB-2F02-4618-AAC2-56BEA5B31671}.Release|x64.ActiveCfg = Release|x64
		{E4BC8ACB-2F02-4618-AAC2-56BEA5B31671}.Release|x64.Build.0 = Release|x64
		{9A44CFC8-C137-4E55-91ED-A7668A57563C}.Debug|x64.ActiveCfg = Debug|x64
		{9A44CFC8-C137-4E55-91ED-A7668A57563C}.Debug|x64.Build.0 = Debug|x64
		{9A44CFC8-C137-4E55-91ED-A7668A57563C}.Release|x64.ActiveCfg = Release|x64
		{9A44CFC8-C137-4E55-91ED-A7668A57563C}.Release|x64.Build.0 = Release|x64
	EndGlobalSection
	GlobalSection(SolutionProperties) = preSolution
		HideSolutionNode = FALSE
	EndGlobalSection
	GlobalSection(ExtensibilityGlobals) = postSolution
		SolutionGuid = {446FD0B6-EF58-430D-89EA-5582A8B43E78}
	EndGlobalSection
EndGlobal
