<?xml version="1.0" encoding="utf-8"?>
<Project ToolsVersion="4.0" xmlns="http://schemas.microsoft.com/developer/msbuild/2003">
  <ItemGroup>
    <Filter Include="MadSword">
      <UniqueIdentifier>{E64FB6A5-D21C-11B1-FB35-FF58E761463F}</UniqueIdentifier>
    </Filter>
  </ItemGroup>
  <ItemGroup>
    <ClInclude Include="src\MadSword.h" />
    <ClInclude Include="src\MadSword\Application.h">
      <Filter>MadSword</Filter>
    </ClInclude>
    <ClInclude Include="src\MadSword\Core.h">
      <Filter>MadSword</Filter>
    </ClInclude>
    <ClInclude Include="src\MadSword\EntryPoint.h">
      <Filter>MadSword</Filter>
    </ClInclude>
    <ClInclude Include="src\MadSword\Log.h">
      <Filter>MadSword</Filter>
    </ClInclude>
  </ItemGroup>
  <ItemGroup>
    <ClCompile Include="src\MadSword\Application.cpp">
      <Filter>MadSword</Filter>
    </ClCompile>
    <ClCompile Include="src\MadSword\Log.cpp">
      <Filter>MadSword</Filter>
    </ClCompile>
  </ItemGroup>
</Project>